
Microsoft Visual Studio Solution File, Format Version 12.00
# Visual Studio Version 17
VisualStudioVersion = 17.1.32210.238
MinimumVisualStudioVersion = 10.0.40219.1
Project("{FAE04EC0-301F-11D3-BF4B-00C04F79EFBC}") = "task-5", "task-5\task-5.csproj", "{CF7C7909-40EB-4206-8C65-92CFDAC49CEB}"
EndProject
Global
	GlobalSection(SolutionConfigurationPlatforms) = preSolution
		Debug|Any CPU = Debug|Any CPU
		Release|Any CPU = Release|Any CPU
	EndGlobalSection
	GlobalSection(ProjectConfigurationPlatforms) = postSolution
		{CF7C7909-40EB-4206-8C65-92CFDAC49CEB}.Debug|Any CPU.ActiveCfg = Debug|Any CPU
		{CF7C7909-40EB-4206-8C65-92CFDAC49CEB}.Debug|Any CPU.Build.0 = Debug|Any CPU
		{CF7C7909-40EB-4206-8C65-92CFDAC49CEB}.Release|Any CPU.ActiveCfg = Release|Any CPU
		{CF7C7909-40EB-4206-8C65-92CFDAC49CEB}.Release|Any CPU.Build.0 = Release|Any CPU
	EndGlobalSection
	GlobalSection(SolutionProperties) = preSolution
		HideSolutionNode = FALSE
	EndGlobalSection
	GlobalSection(ExtensibilityGlobals) = postSolution
		SolutionGuid = {D5DDCC91-4F20-4A8F-A633-4BF89A1E208A}
	EndGlobalSection
EndGlobal
